// !$*UTF8*$!
{
	archiveVersion = 1;
	classes = {
	};
	objectVersion = 77;
	objects = {

/* Begin PBXContainerItemProxy section */
		BB1814642D54CD7900BCE6B4 /* PBXContainerItemProxy */ = {
			isa = PBXContainerItemProxy;
			containerPortal = BB1814452D54CD7600BCE6B4 /* Project object */;
			proxyType = 1;
			remoteGlobalIDString = BB18144C2D54CD7600BCE6B4;
			remoteInfo = ProjectCICD;
		};
		BB18146E2D54CD7900BCE6B4 /* PBXContainerItemProxy */ = {
			isa = PBXContainerItemProxy;
			containerPortal = BB1814452D54CD7600BCE6B4 /* Project object */;
			proxyType = 1;
			remoteGlobalIDString = BB18144C2D54CD7600BCE6B4;
			remoteInfo = ProjectCICD;
		};
/* End PBXContainerItemProxy section */

/* Begin PBXFileReference section */
		BB18144D2D54CD7600BCE6B4 /* ProjectCICD.app */ = {isa = PBXFileReference; explicitFileType = wrapper.application; includeInIndex = 0; path = ProjectCICD.app; sourceTree = BUILT_PRODUCTS_DIR; };
		BB1814632D54CD7900BCE6B4 /* ProjectCICDTests.xctest */ = {isa = PBXFileReference; explicitFileType = wrapper.cfbundle; includeInIndex = 0; path = ProjectCICDTests.xctest; sourceTree = BUILT_PRODUCTS_DIR; };
		BB18146D2D54CD7900BCE6B4 /* ProjectCICDUITests.xctest */ = {isa = PBXFileReference; explicitFileType = wrapper.cfbundle; includeInIndex = 0; path = ProjectCICDUITests.xctest; sourceTree = BUILT_PRODUCTS_DIR; };
/* End PBXFileReference section */

/* Begin PBXFileSystemSynchronizedBuildFileExceptionSet section */
		BB1814752D54CD7900BCE6B4 /* Exceptions for "ProjectCICD" folder in "ProjectCICD" target */ = {
			isa = PBXFileSystemSynchronizedBuildFileExceptionSet;
			membershipExceptions = (
				Info.plist,
			);
			target = BB18144C2D54CD7600BCE6B4 /* ProjectCICD */;
		};
/* End PBXFileSystemSynchronizedBuildFileExceptionSet section */

/* Begin PBXFileSystemSynchronizedRootGroup section */
		BB18144F2D54CD7600BCE6B4 /* ProjectCICD */ = {
			isa = PBXFileSystemSynchronizedRootGroup;
			exceptions = (
				BB1814752D54CD7900BCE6B4 /* Exceptions for "ProjectCICD" folder in "ProjectCICD" target */,
			);
			path = ProjectCICD;
			sourceTree = "<group>";
		};
		BB1814662D54CD7900BCE6B4 /* ProjectCICDTests */ = {
			isa = PBXFileSystemSynchronizedRootGroup;
			path = ProjectCICDTests;
			sourceTree = "<group>";
		};
		BB1814702D54CD7900BCE6B4 /* ProjectCICDUITests */ = {
			isa = PBXFileSystemSynchronizedRootGroup;
			path = ProjectCICDUITests;
			sourceTree = "<group>";
		};
/* End PBXFileSystemSynchronizedRootGroup section */

/* Begin PBXFrameworksBuildPhase section */
		BB18144A2D54CD7600BCE6B4 /* Frameworks */ = {
			isa = PBXFrameworksBuildPhase;
			buildActionMask = 2147483647;
			files = (
			);
			runOnlyForDeploymentPostprocessing = 0;
		};
		BB1814602D54CD7900BCE6B4 /* Frameworks */ = {
			isa = PBXFrameworksBuildPhase;
			buildActionMask = 2147483647;
			files = (
			);
			runOnlyForDeploymentPostprocessing = 0;
		};
		BB18146A2D54CD7900BCE6B4 /* Frameworks */ = {
			isa = PBXFrameworksBuildPhase;
			buildActionMask = 2147483647;
			files = (
			);
			runOnlyForDeploymentPostprocessing = 0;
		};
/* End PBXFrameworksBuildPhase section */

/* Begin PBXGroup section */
		BB1814442D54CD7600BCE6B4 = {
			isa = PBXGroup;
			children = (
				BB18144F2D54CD7600BCE6B4 /* ProjectCICD */,
				BB1814662D54CD7900BCE6B4 /* ProjectCICDTests */,
				BB1814702D54CD7900BCE6B4 /* ProjectCICDUITests */,
				BB18144E2D54CD7600BCE6B4 /* Products */,
			);
			sourceTree = "<group>";
		};
		BB18144E2D54CD7600BCE6B4 /* Products */ = {
			isa = PBXGroup;
			children = (
				BB18144D2D54CD7600BCE6B4 /* ProjectCICD.app */,
				BB1814632D54CD7900BCE6B4 /* ProjectCICDTests.xctest */,
				BB18146D2D54CD7900BCE6B4 /* ProjectCICDUITests.xctest */,
			);
			name = Products;
			sourceTree = "<group>";
		};
/* End PBXGroup section */

/* Begin PBXNativeTarget section */
		BB18144C2D54CD7600BCE6B4 /* ProjectCICD */ = {
			isa = PBXNativeTarget;
			buildConfigurationList = BB1814762D54CD7900BCE6B4 /* Build configuration list for PBXNativeTarget "ProjectCICD" */;
			buildPhases = (
				BB1814492D54CD7600BCE6B4 /* Sources */,
				BB18144A2D54CD7600BCE6B4 /* Frameworks */,
				BB18144B2D54CD7600BCE6B4 /* Resources */,
			);
			buildRules = (
			);
			dependencies = (
			);
			fileSystemSynchronizedGroups = (
				BB18144F2D54CD7600BCE6B4 /* ProjectCICD */,
			);
			name = ProjectCICD;
			packageProductDependencies = (
			);
			productName = ProjectCICD;
			productReference = BB18144D2D54CD7600BCE6B4 /* ProjectCICD.app */;
			productType = "com.apple.product-type.application";
		};
		BB1814622D54CD7900BCE6B4 /* ProjectCICDTests */ = {
			isa = PBXNativeTarget;
			buildConfigurationList = BB18147B2D54CD7900BCE6B4 /* Build configuration list for PBXNativeTarget "ProjectCICDTests" */;
			buildPhases = (
				BB18145F2D54CD7900BCE6B4 /* Sources */,
				BB1814602D54CD7900BCE6B4 /* Frameworks */,
				BB1814612D54CD7900BCE6B4 /* Resources */,
			);
			buildRules = (
			);
			dependencies = (
				BB1814652D54CD7900BCE6B4 /* PBXTargetDependency */,
			);
			fileSystemSynchronizedGroups = (
				BB1814662D54CD7900BCE6B4 /* ProjectCICDTests */,
			);
			name = ProjectCICDTests;
			packageProductDependencies = (
			);
			productName = ProjectCICDTests;
			productReference = BB1814632D54CD7900BCE6B4 /* ProjectCICDTests.xctest */;
			productType = "com.apple.product-type.bundle.unit-test";
		};
		BB18146C2D54CD7900BCE6B4 /* ProjectCICDUITests */ = {
			isa = PBXNativeTarget;
			buildConfigurationList = BB18147E2D54CD7900BCE6B4 /* Build configuration list for PBXNativeTarget "ProjectCICDUITests" */;
			buildPhases = (
				BB1814692D54CD7900BCE6B4 /* Sources */,
				BB18146A2D54CD7900BCE6B4 /* Frameworks */,
				BB18146B2D54CD7900BCE6B4 /* Resources */,
			);
			buildRules = (
			);
			dependencies = (
				BB18146F2D54CD7900BCE6B4 /* PBXTargetDependency */,
			);
			fileSystemSynchronizedGroups = (
				BB1814702D54CD7900BCE6B4 /* ProjectCICDUITests */,
			);
			name = ProjectCICDUITests;
			packageProductDependencies = (
			);
			productName = ProjectCICDUITests;
			productReference = BB18146D2D54CD7900BCE6B4 /* ProjectCICDUITests.xctest */;
			productType = "com.apple.product-type.bundle.ui-testing";
		};
/* End PBXNativeTarget section */

/* Begin PBXProject section */
		BB1814452D54CD7600BCE6B4 /* Project object */ = {
			isa = PBXProject;
			attributes = {
				BuildIndependentTargetsInParallel = 1;
				LastSwiftUpdateCheck = 1620;
				LastUpgradeCheck = 1620;
				TargetAttributes = {
					BB18144C2D54CD7600BCE6B4 = {
						CreatedOnToolsVersion = 16.2;
					};
					BB1814622D54CD7900BCE6B4 = {
						CreatedOnToolsVersion = 16.2;
						TestTargetID = BB18144C2D54CD7600BCE6B4;
					};
					BB18146C2D54CD7900BCE6B4 = {
						CreatedOnToolsVersion = 16.2;
						TestTargetID = BB18144C2D54CD7600BCE6B4;
					};
				};
			};
			buildConfigurationList = BB1814482D54CD7600BCE6B4 /* Build configuration list for PBXProject "ProjectCICD" */;
			developmentRegion = en;
			hasScannedForEncodings = 0;
			knownRegions = (
				en,
				Base,
			);
			mainGroup = BB1814442D54CD7600BCE6B4;
			minimizedProjectReferenceProxies = 1;
			preferredProjectObjectVersion = 77;
			productRefGroup = BB18144E2D54CD7600BCE6B4 /* Products */;
			projectDirPath = "";
			projectRoot = "";
			targets = (
				BB18144C2D54CD7600BCE6B4 /* ProjectCICD */,
				BB1814622D54CD7900BCE6B4 /* ProjectCICDTests */,
				BB18146C2D54CD7900BCE6B4 /* ProjectCICDUITests */,
			);
		};
/* End PBXProject section */

/* Begin PBXResourcesBuildPhase section */
		BB18144B2D54CD7600BCE6B4 /* Resources */ = {
			isa = PBXResourcesBuildPhase;
			buildActionMask = 2147483647;
			files = (
			);
			runOnlyForDeploymentPostprocessing = 0;
		};
		BB1814612D54CD7900BCE6B4 /* Resources */ = {
			isa = PBXResourcesBuildPhase;
			buildActionMask = 2147483647;
			files = (
			);
			runOnlyForDeploymentPostprocessing = 0;
		};
		BB18146B2D54CD7900BCE6B4 /* Resources */ = {
			isa = PBXResourcesBuildPhase;
			buildActionMask = 2147483647;
			files = (
			);
			runOnlyForDeploymentPostprocessing = 0;
		};
/* End PBXResourcesBuildPhase section */

/* Begin PBXSourcesBuildPhase section */
		BB1814492D54CD7600BCE6B4 /* Sources */ = {
			isa = PBXSourcesBuildPhase;
			buildActionMask = 2147483647;
			files = (
			);
			runOnlyForDeploymentPostprocessing = 0;
		};
		BB18145F2D54CD7900BCE6B4 /* Sources */ = {
			isa = PBXSourcesBuildPhase;
			buildActionMask = 2147483647;
			files = (
			);
			runOnlyForDeploymentPostprocessing = 0;
		};
		BB1814692D54CD7900BCE6B4 /* Sources */ = {
			isa = PBXSourcesBuildPhase;
			buildActionMask = 2147483647;
			files = (
			);
			runOnlyForDeploymentPostprocessing = 0;
		};
/* End PBXSourcesBuildPhase section */

/* Begin PBXTargetDependency section */
		BB1814652D54CD7900BCE6B4 /* PBXTargetDependency */ = {
			isa = PBXTargetDependency;
			target = BB18144C2D54CD7600BCE6B4 /* ProjectCICD */;
			targetProxy = BB1814642D54CD7900BCE6B4 /* PBXContainerItemProxy */;
		};
		BB18146F2D54CD7900BCE6B4 /* PBXTargetDependency */ = {
			isa = PBXTargetDependency;
			target = BB18144C2D54CD7600BCE6B4 /* ProjectCICD */;
			targetProxy = BB18146E2D54CD7900BCE6B4 /* PBXContainerItemProxy */;
		};
/* End PBXTargetDependency section */

/* Begin XCBuildConfiguration section */
		BB1814772D54CD7900BCE6B4 /* Debug */ = {
			isa = XCBuildConfiguration;
			buildSettings = {
				ASSETCATALOG_COMPILER_APPICON_NAME = AppIcon;
				ASSETCATALOG_COMPILER_GLOBAL_ACCENT_COLOR_NAME = AccentColor;
				"CODE_SIGN_IDENTITY[sdk=iphoneos*]" = "iPhone Developer";
				CODE_SIGN_STYLE = Manual;
				CURRENT_PROJECT_VERSION = 1;
				DEVELOPMENT_TEAM = "";
				"DEVELOPMENT_TEAM[sdk=iphoneos*]" = YDUDX23Y8U;
				GENERATE_INFOPLIST_FILE = YES;
				INFOPLIST_FILE = ProjectCICD/Info.plist;
				INFOPLIST_KEY_UIApplicationSupportsIndirectInputEvents = YES;
				INFOPLIST_KEY_UILaunchStoryboardName = LaunchScreen;
				INFOPLIST_KEY_UIMainStoryboardFile = Main;
				INFOPLIST_KEY_UISupportedInterfaceOrientations_iPad = "UIInterfaceOrientationPortrait UIInterfaceOrientationPortraitUpsideDown UIInterfaceOrientationLandscapeLeft UIInterfaceOrientationLandscapeRight";
				INFOPLIST_KEY_UISupportedInterfaceOrientations_iPhone = "UIInterfaceOrientationPortrait UIInterfaceOrientationLandscapeLeft UIInterfaceOrientationLandscapeRight";
				LD_RUNPATH_SEARCH_PATHS = (
					"$(inherited)",
					"@executable_path/Frameworks",
				);
				MARKETING_VERSION = 1.0;
				PRODUCT_BUNDLE_IDENTIFIER = in.jbsolutions.ProjectCICD;
				PRODUCT_NAME = "$(TARGET_NAME)";
				PROVISIONING_PROFILE_SPECIFIER = "";
				"PROVISIONING_PROFILE_SPECIFIER[sdk=iphoneos*]" = JbsolutionsDev;
				SWIFT_EMIT_LOC_STRINGS = YES;
				SWIFT_VERSION = 5.0;
				TARGETED_DEVICE_FAMILY = "1,2";
			};
			name = Debug;
		};
		BB1814782D54CD7900BCE6B4 /* Release */ = {
			isa = XCBuildConfiguration;
			buildSettings = {
				ASSETCATALOG_COMPILER_APPICON_NAME = AppIcon;
				ASSETCATALOG_COMPILER_GLOBAL_ACCENT_COLOR_NAME = AccentColor;
				"CODE_SIGN_IDENTITY[sdk=iphoneos*]" = "iPhone Developer";
				CODE_SIGN_STYLE = Manual;
				CURRENT_PROJECT_VERSION = 1;
				DEVELOPMENT_TEAM = "";
				"DEVELOPMENT_TEAM[sdk=iphoneos*]" = YDUDX23Y8U;
				GENERATE_INFOPLIST_FILE = YES;
				INFOPLIST_FILE = ProjectCICD/Info.plist;
				INFOPLIST_KEY_UIApplicationSupportsIndirectInputEvents = YES;
				INFOPLIST_KEY_UILaunchStoryboardName = LaunchScreen;
				INFOPLIST_KEY_UIMainStoryboardFile = Main;
				INFOPLIST_KEY_UISupportedInterfaceOrientations_iPad = "UIInterfaceOrientationPortrait UIInterfaceOrientationPortraitUpsideDown UIInterfaceOrientationLandscapeLeft UIInterfaceOrientationLandscapeRight";
				INFOPLIST_KEY_UISupportedInterfaceOrientations_iPhone = "UIInterfaceOrientationPortrait UIInterfaceOrientationLandscapeLeft UIInterfaceOrientationLandscapeRight";
				LD_RUNPATH_SEARCH_PATHS = (
					"$(inherited)",
					"@executable_path/Frameworks",
				);
				MARKETING_VERSION = 1.0;
				PRODUCT_BUNDLE_IDENTIFIER = in.jbsolutions.ProjectCICD;
				PRODUCT_NAME = "$(TARGET_NAME)";
				PROVISIONING_PROFILE_SPECIFIER = "";
				"PROVISIONING_PROFILE_SPECIFIER[sdk=iphoneos*]" = JbsolutionsDev;
				SWIFT_EMIT_LOC_STRINGS = YES;
				SWIFT_VERSION = 5.0;
				TARGETED_DEVICE_FAMILY = "1,2";
			};
			name = Release;
		};
		BB1814792D54CD7900BCE6B4 /* Debug */ = {
			isa = XCBuildConfiguration;
			buildSettings = {
				ALWAYS_SEARCH_USER_PATHS = NO;
				ASSETCATALOG_COMPILER_GENERATE_SWIFT_ASSET_SYMBOL_EXTENSIONS = YES;
				CLANG_ANALYZER_NONNULL = YES;
				CLANG_ANALYZER_NUMBER_OBJECT_CONVERSION = YES_AGGRESSIVE;
				CLANG_CXX_LANGUAGE_STANDARD = "gnu++20";
				CLANG_ENABLE_MODULES = YES;
				CLANG_ENABLE_OBJC_ARC = YES;
				CLANG_ENABLE_OBJC_WEAK = YES;
				CLANG_WARN_BLOCK_CAPTURE_AUTORELEASING = YES;
				CLANG_WARN_BOOL_CONVERSION = YES;
				CLANG_WARN_COMMA = YES;
				CLANG_WARN_CONSTANT_CONVERSION = YES;
				CLANG_WARN_DEPRECATED_OBJC_IMPLEMENTATIONS = YES;
				CLANG_WARN_DIRECT_OBJC_ISA_USAGE = YES_ERROR;
				CLANG_WARN_DOCUMENTATION_COMMENTS = YES;
				CLANG_WARN_EMPTY_BODY = YES;
				CLANG_WARN_ENUM_CONVERSION = YES;
				CLANG_WARN_INFINITE_RECURSION = YES;
				CLANG_WARN_INT_CONVERSION = YES;
				CLANG_WARN_NON_LITERAL_NULL_CONVERSION = YES;
				CLANG_WARN_OBJC_IMPLICIT_RETAIN_SELF = YES;
				CLANG_WARN_OBJC_LITERAL_CONVERSION = YES;
				CLANG_WARN_OBJC_ROOT_CLASS = YES_ERROR;
				CLANG_WARN_QUOTED_INCLUDE_IN_FRAMEWORK_HEADER = YES;
				CLANG_WARN_RANGE_LOOP_ANALYSIS = YES;
				CLANG_WARN_STRICT_PROTOTYPES = YES;
				CLANG_WARN_SUSPICIOUS_MOVE = YES;
				CLANG_WARN_UNGUARDED_AVAILABILITY = YES_AGGRESSIVE;
				CLANG_WARN_UNREACHABLE_CODE = YES;
				CLANG_WARN__DUPLICATE_METHOD_MATCH = YES;
				COPY_PHASE_STRIP = NO;
				DEBUG_INFORMATION_FORMAT = dwarf;
				ENABLE_STRICT_OBJC_MSGSEND = YES;
				ENABLE_TESTABILITY = YES;
				ENABLE_USER_SCRIPT_SANDBOXING = YES;
				GCC_C_LANGUAGE_STANDARD = gnu17;
				GCC_DYNAMIC_NO_PIC = NO;
				GCC_NO_COMMON_BLOCKS = YES;
				GCC_OPTIMIZATION_LEVEL = 0;
				GCC_PREPROCESSOR_DEFINITIONS = (
					"DEBUG=1",
					"$(inherited)",
				);
				GCC_WARN_64_TO_32_BIT_CONVERSION = YES;
				GCC_WARN_ABOUT_RETURN_TYPE = YES_ERROR;
				GCC_WARN_UNDECLARED_SELECTOR = YES;
				GCC_WARN_UNINITIALIZED_AUTOS = YES_AGGRESSIVE;
				GCC_WARN_UNUSED_FUNCTION = YES;
				GCC_WARN_UNUSED_VARIABLE = YES;
				IPHONEOS_DEPLOYMENT_TARGET = 18.2;
				LOCALIZATION_PREFERS_STRING_CATALOGS = YES;
				MTL_ENABLE_DEBUG_INFO = INCLUDE_SOURCE;
				MTL_FAST_MATH = YES;
				ONLY_ACTIVE_ARCH = YES;
				SDKROOT = iphoneos;
				SWIFT_ACTIVE_COMPILATION_CONDITIONS = "DEBUG $(inherited)";
				SWIFT_OPTIMIZATION_LEVEL = "-Onone";
			};
			name = Debug;
		};
		BB18147A2D54CD7900BCE6B4 /* Release */ = {
			isa = XCBuildConfiguration;
			buildSettings = {
				ALWAYS_SEARCH_USER_PATHS = NO;
				ASSETCATALOG_COMPILER_GENERATE_SWIFT_ASSET_SYMBOL_EXTENSIONS = YES;
				CLANG_ANALYZER_NONNULL = YES;
				CLANG_ANALYZER_NUMBER_OBJECT_CONVERSION = YES_AGGRESSIVE;
				CLANG_CXX_LANGUAGE_STANDARD = "gnu++20";
				CLANG_ENABLE_MODULES = YES;
				CLANG_ENABLE_OBJC_ARC = YES;
				CLANG_ENABLE_OBJC_WEAK = YES;
				CLANG_WARN_BLOCK_CAPTURE_AUTORELEASING = YES;
				CLANG_WARN_BOOL_CONVERSION = YES;
				CLANG_WARN_COMMA = YES;
				CLANG_WARN_CONSTANT_CONVERSION = YES;
				CLANG_WARN_DEPRECATED_OBJC_IMPLEMENTATIONS = YES;
				CLANG_WARN_DIRECT_OBJC_ISA_USAGE = YES_ERROR;
				CLANG_WARN_DOCUMENTATION_COMMENTS = YES;
				CLANG_WARN_EMPTY_BODY = YES;
				CLANG_WARN_ENUM_CONVERSION = YES;
				CLANG_WARN_INFINITE_RECURSION = YES;
				CLANG_WARN_INT_CONVERSION = YES;
				CLANG_WARN_NON_LITERAL_NULL_CONVERSION = YES;
				CLANG_WARN_OBJC_IMPLICIT_RETAIN_SELF = YES;
				CLANG_WARN_OBJC_LITERAL_CONVERSION = YES;
				CLANG_WARN_OBJC_ROOT_CLASS = YES_ERROR;
				CLANG_WARN_QUOTED_INCLUDE_IN_FRAMEWORK_HEADER = YES;
				CLANG_WARN_RANGE_LOOP_ANALYSIS = YES;
				CLANG_WARN_STRICT_PROTOTYPES = YES;
				CLANG_WARN_SUSPICIOUS_MOVE = YES;
				CLANG_WARN_UNGUARDED_AVAILABILITY = YES_AGGRESSIVE;
				CLANG_WARN_UNREACHABLE_CODE = YES;
				CLANG_WARN__DUPLICATE_METHOD_MATCH = YES;
				COPY_PHASE_STRIP = NO;
				DEBUG_INFORMATION_FORMAT = "dwarf-with-dsym";
				ENABLE_NS_ASSERTIONS = NO;
				ENABLE_STRICT_OBJC_MSGSEND = YES;
				ENABLE_USER_SCRIPT_SANDBOXING = YES;
				GCC_C_LANGUAGE_STANDARD = gnu17;
				GCC_NO_COMMON_BLOCKS = YES;
				GCC_WARN_64_TO_32_BIT_CONVERSION = YES;
				GCC_WARN_ABOUT_RETURN_TYPE = YES_ERROR;
				GCC_WARN_UNDECLARED_SELECTOR = YES;
				GCC_WARN_UNINITIALIZED_AUTOS = YES_AGGRESSIVE;
				GCC_WARN_UNUSED_FUNCTION = YES;
				GCC_WARN_UNUSED_VARIABLE = YES;
				IPHONEOS_DEPLOYMENT_TARGET = 18.2;
				LOCALIZATION_PREFERS_STRING_CATALOGS = YES;
				MTL_ENABLE_DEBUG_INFO = NO;
				MTL_FAST_MATH = YES;
				SDKROOT = iphoneos;
				SWIFT_COMPILATION_MODE = wholemodule;
				VALIDATE_PRODUCT = YES;
			};
			name = Release;
		};
		BB18147C2D54CD7900BCE6B4 /* Debug */ = {
			isa = XCBuildConfiguration;
			buildSettings = {
				BUNDLE_LOADER = "$(TEST_HOST)";
				CODE_SIGN_STYLE = Automatic;
				CURRENT_PROJECT_VERSION = 1;
				DEVELOPMENT_TEAM = G4S64699X9;
				GENERATE_INFOPLIST_FILE = YES;
				IPHONEOS_DEPLOYMENT_TARGET = 18.2;
				MARKETING_VERSION = 1.0;
				PRODUCT_BUNDLE_IDENTIFIER = in.jbsulutions.ProjectCICDTests;
				PRODUCT_NAME = "$(TARGET_NAME)";
				SWIFT_EMIT_LOC_STRINGS = NO;
				SWIFT_VERSION = 5.0;
				TARGETED_DEVICE_FAMILY = "1,2";
				TEST_HOST = "$(BUILT_PRODUCTS_DIR)/ProjectCICD.app/$(BUNDLE_EXECUTABLE_FOLDER_PATH)/ProjectCICD";
			};
			name = Debug;
		};
		BB18147D2D54CD7900BCE6B4 /* Release */ = {
			isa = XCBuildConfiguration;
			buildSettings = {
				BUNDLE_LOADER = "$(TEST_HOST)";
				CODE_SIGN_STYLE = Automatic;
				CURRENT_PROJECT_VERSION = 1;
				DEVELOPMENT_TEAM = G4S64699X9;
				GENERATE_INFOPLIST_FILE = YES;
				IPHONEOS_DEPLOYMENT_TARGET = 18.2;
				MARKETING_VERSION = 1.0;
				PRODUCT_BUNDLE_IDENTIFIER = in.jbsulutions.ProjectCICDTests;
				PRODUCT_NAME = "$(TARGET_NAME)";
				SWIFT_EMIT_LOC_STRINGS = NO;
				SWIFT_VERSION = 5.0;
				TARGETED_DEVICE_FAMILY = "1,2";
				TEST_HOST = "$(BUILT_PRODUCTS_DIR)/ProjectCICD.app/$(BUNDLE_EXECUTABLE_FOLDER_PATH)/ProjectCICD";
			};
			name = Release;
		};
		BB18147F2D54CD7900BCE6B4 /* Debug */ = {
			isa = XCBuildConfiguration;
			buildSettings = {
				CODE_SIGN_STYLE = Automatic;
				CURRENT_PROJECT_VERSION = 1;
				DEVELOPMENT_TEAM = G4S64699X9;
				GENERATE_INFOPLIST_FILE = YES;
				MARKETING_VERSION = 1.0;
				PRODUCT_BUNDLE_IDENTIFIER = in.jbsulutions.ProjectCICDUITests;
				PRODUCT_NAME = "$(TARGET_NAME)";
				SWIFT_EMIT_LOC_STRINGS = NO;
				SWIFT_VERSION = 5.0;
				TARGETED_DEVICE_FAMILY = "1,2";
				TEST_TARGET_NAME = ProjectCICD;
			};
			name = Debug;
		};
		BB1814802D54CD7900BCE6B4 /* Release */ = {
			isa = XCBuildConfiguration;
			buildSettings = {
				CODE_SIGN_STYLE = Automatic;
				CURRENT_PROJECT_VERSION = 1;
				DEVELOPMENT_TEAM = G4S64699X9;
				GENERATE_INFOPLIST_FILE = YES;
				MARKETING_VERSION = 1.0;
				PRODUCT_BUNDLE_IDENTIFIER = in.jbsulutions.ProjectCICDUITests;
				PRODUCT_NAME = "$(TARGET_NAME)";
				SWIFT_EMIT_LOC_STRINGS = NO;
				SWIFT_VERSION = 5.0;
				TARGETED_DEVICE_FAMILY = "1,2";
				TEST_TARGET_NAME = ProjectCICD;
			};
			name = Release;
		};
/* End XCBuildConfiguration section */

/* Begin XCConfigurationList section */
		BB1814482D54CD7600BCE6B4 /* Build configuration list for PBXProject "ProjectCICD" */ = {
			isa = XCConfigurationList;
			buildConfigurations = (
				BB1814792D54CD7900BCE6B4 /* Debug */,
				BB18147A2D54CD7900BCE6B4 /* Release */,
			);
			defaultConfigurationIsVisible = 0;
			defaultConfigurationName = Release;
		};
		BB1814762D54CD7900BCE6B4 /* Build configuration list for PBXNativeTarget "ProjectCICD" */ = {
			isa = XCConfigurationList;
			buildConfigurations = (
				BB1814772D54CD7900BCE6B4 /* Debug */,
				BB1814782D54CD7900BCE6B4 /* Release */,
			);
			defaultConfigurationIsVisible = 0;
			defaultConfigurationName = Release;
		};
		BB18147B2D54CD7900BCE6B4 /* Build configuration list for PBXNativeTarget "ProjectCICDTests" */ = {
			isa = XCConfigurationList;
			buildConfigurations = (
				BB18147C2D54CD7900BCE6B4 /* Debug */,
				BB18147D2D54CD7900BCE6B4 /* Release */,
			);
			defaultConfigurationIsVisible = 0;
			defaultConfigurationName = Release;
		};
		BB18147E2D54CD7900BCE6B4 /* Build configuration list for PBXNativeTarget "ProjectCICDUITests" */ = {
			isa = XCConfigurationList;
			buildConfigurations = (
				BB18147F2D54CD7900BCE6B4 /* Debug */,
				BB1814802D54CD7900BCE6B4 /* Release */,
			);
			defaultConfigurationIsVisible = 0;
			defaultConfigurationName = Release;
		};
/* End XCConfigurationList section */
	};
	rootObject = BB1814452D54CD7600BCE6B4 /* Project object */;
}
